{
  "name": "core",
  "version": "0.0.1",
  "lockfileVersion": 1,
  "requires": true,
  "dependencies": {
    "prettier": {
      "version": "1.13.6",
      "resolved": "https://registry.npmjs.org/prettier/-/prettier-1.13.6.tgz",
      "integrity": "sha512-p5eqCNiohWZN++7aJXUVj0JgLqHCPLf9GLIcLBHGNWs4Y9FJOPs6+KNO2WT0udJIQJTbeZFrJkjzjcb8fkAYYQ==",
      "dev": true
    }
  }
}
